Microsoft Visual Studio Solution File, Format Version 8.00
Project("{FAE04EC0-301F-11D3-BF4B-00C04F79EFBC}") = "AOMRecordedRenamer", "AOMRecordedRenamer.csproj", "{52ADE83F-5607-4F19-9C8D-325C458F7B93}"
	ProjectSection(ProjectDependencies) = postProject
	EndProjectSection
EndProject
Global
	GlobalSection(SolutionConfiguration) = preSolution
		Debug = Debug
		Release = Release
	EndGlobalSection
	GlobalSection(ProjectConfiguration) = postSolution
		{52ADE83F-5607-4F19-9C8D-325C458F7B93}.Debug.ActiveCfg = Debug|.NET
		{52ADE83F-5607-4F19-9C8D-325C458F7B93}.Debug.Build.0 = Debug|.NET
		{52ADE83F-5607-4F19-9C8D-325C458F7B93}.Release.ActiveCfg = Release|.NET
		{52ADE83F-5607-4F19-9C8D-325C458F7B93}.Release.Build.0 = Release|.NET
	EndGlobalSection
	GlobalSection(ExtensibilityGlobals) = postSolution
	EndGlobalSection
	GlobalSection(ExtensibilityAddIns) = postSolution
	EndGlobalSection
EndGlobal
